
Microsoft Visual Studio Solution File, Format Version 12.00
# Visual Studio Version 17
VisualStudioVersion = 17.9.34714.143
MinimumVisualStudioVersion = 10.0.40219.1
Project("{2150E333-8FDC-42A3-9474-1A3956D46DE8}") = "PaymentProviders", "PaymentProviders", "{8B7ABDA0-3EA4-41E8-9249-1273E49A2956}"
EndProject
Project("{2150E333-8FDC-42A3-9474-1A3956D46DE8}") = "Sample", "Sample", "{1B666BD8-243E-434B-A185-BBBD67FEDAA4}"
EndProject
Project("{FAE04EC0-301F-11D3-BF4B-00C04F79EFBC}") = "Honamic.PayMaster.Abstractions", "src\Abstractions\Honamic.PayMaster.Abstractions.csproj", "{5C2E59C9-BC4D-CA22-B59A-FAC03B23A104}"
EndProject
Project("{FAE04EC0-301F-11D3-BF4B-00C04F79EFBC}") = "Behpardakht", "src\PaymentProvider\Behpardakht\Behpardakht.csproj", "{DDC00426-337F-2C66-8D0C-E1DCE4FC4A67}"
EndProject
Project("{FAE04EC0-301F-11D3-BF4B-00C04F79EFBC}") = "Sadad", "src\PaymentProvider\Sadad\Sadad.csproj", "{A1D5B38F-F7D4-EF47-E56D-8CEDEBBB5DAC}"
EndProject
Project("{FAE04EC0-301F-11D3-BF4B-00C04F79EFBC}") = "WebSample", "src\WebSample\WebSample.csproj", "{A0B2FEB6-6410-4D3A-8C8B-9B3719C365E7}"
EndProject
Project("{FAE04EC0-301F-11D3-BF4B-00C04F79EFBC}") = "ZarinPal", "src\PaymentProvider\ZarinPal\ZarinPal.csproj", "{E0FAA67A-9B80-C336-0AEC-5DAAB0FADF0E}"
EndProject
Project("{FAE04EC0-301F-11D3-BF4B-00C04F79EFBC}") = "PayPal", "src\PaymentProvider\PayPal\PayPal.csproj", "{9302ED8E-9C65-8D63-3795-F05A95CE8EE6}"
EndProject
Project("{2150E333-8FDC-42A3-9474-1A3956D46DE8}") = "PayMaster", "PayMaster", "{27989A77-8151-49A2-A81D-990655154889}"
EndProject
Project("{FAE04EC0-301F-11D3-BF4B-00C04F79EFBC}") = "All", "src\PaymentProvider\All\All.csproj", "{127F286A-BEFF-F3EB-9E51-B001DCCDFB7E}"
EndProject
Project("{FAE04EC0-301F-11D3-BF4B-00C04F79EFBC}") = "Honamic.PayMaster.Persistence", "src\Persistence\Honamic.PayMaster.Persistence.csproj", "{B09F08CD-BFA8-89D5-07CD-B346DC163144}"
EndProject
Project("{FAE04EC0-301F-11D3-BF4B-00C04F79EFBC}") = "Digipay", "src\PaymentProvider\Digipay\Digipay.csproj", "{F849FA03-5A83-099E-C8B2-369636930005}"
EndProject
Project("{2150E333-8FDC-42A3-9474-1A3956D46DE8}") = "Tests", "Tests", "{02EA681E-C7D8-13C7-8484-4AC65E1B71E8}"
EndProject
Project("{FAE04EC0-301F-11D3-BF4B-00C04F79EFBC}") = "Honamic.PayMaster.ApplicationTests", "Tests\PayMaster.ApplicationTests\Honamic.PayMaster.ApplicationTests.csproj", "{0D831FE9-2A06-FD3E-C447-9D481F0A2110}"
EndProject
Project("{FAE04EC0-301F-11D3-BF4B-00C04F79EFBC}") = "Honamic.PayMaster.DomainTests", "Tests\PayMaster.DomainTests\Honamic.PayMaster.DomainTests.csproj", "{E4870600-29B1-8458-6F07-CA650E905F38}"
EndProject
Project("{FAE04EC0-301F-11D3-BF4B-00C04F79EFBC}") = "Sandbox", "src\PaymentProvider\Sandbox\Sandbox.csproj", "{7F924602-5434-E4B7-602E-B3806129F1E2}"
EndProject
Project("{FAE04EC0-301F-11D3-BF4B-00C04F79EFBC}") = "Sandbox.Web", "src\PaymentProvider\Sandbox.Web\Sandbox.Web.csproj", "{804ACBDA-D337-156F-EC5E-316F91B4A9D9}"
EndProject
Project("{2150E333-8FDC-42A3-9474-1A3956D46DE8}") = "PaymentProviders", "PaymentProviders", "{F4791618-3A51-470A-BAF0-A56A510CF5DB}"
EndProject
Project("{FAE04EC0-301F-11D3-BF4B-00C04F79EFBC}") = "ZarinPal.Tests", "Tests\PaymentProviders\Zarinpal\ZarinPal.Tests\ZarinPal.Tests.csproj", "{DB5A6E60-631F-424E-84AD-802AD8639B3F}"
EndProject
Project("{FAE04EC0-301F-11D3-BF4B-00C04F79EFBC}") = "PayPal.Tests", "Tests\PaymentProviders\PayPal.Tests\PayPal.Tests.csproj", "{66771596-473F-122B-DCD2-5EB7B224E819}"
EndProject
Project("{FAE04EC0-301F-11D3-BF4B-00C04F79EFBC}") = "Honamic.PayMaster.Application.Contracts", "src\Application.Contracts\Honamic.PayMaster.Application.Contracts.csproj", "{CB9CFAAC-606C-1D46-959C-E0B54C4644E1}"
EndProject
Project("{FAE04EC0-301F-11D3-BF4B-00C04F79EFBC}") = "Honamic.PayMaster.Application", "src\Application\Honamic.PayMaster.Application.csproj", "{CDAEC401-7951-D6BD-2207-833B7D1F96B0}"
EndProject
Project("{FAE04EC0-301F-11D3-BF4B-00C04F79EFBC}") = "Honamic.PayMaster.Wrapper", "src\Wrapper\Honamic.PayMaster.Wrapper.csproj", "{2B90375A-FEF1-408F-D986-A105EF64935F}"
EndProject
Project("{FAE04EC0-301F-11D3-BF4B-00C04F79EFBC}") = "Honamic.PayMaster.QueryModels", "src\QueryModels\Honamic.PayMaster.QueryModels.csproj", "{EB114B30-3731-087C-3F6D-75EBFCE653B9}"
EndProject
Project("{FAE04EC0-301F-11D3-BF4B-00C04F79EFBC}") = "Honamic.PayMaster.QueryModels.EntityFramework", "src\QueryModels.EntityFramework\Honamic.PayMaster.QueryModels.EntityFramework.csproj", "{E4415AA0-546F-371A-060B-C567307177E3}"
EndProject
Project("{FAE04EC0-301F-11D3-BF4B-00C04F79EFBC}") = "Honamic.PayMaster.Domain", "src\Domain\Honamic.PayMaster.Domain.csproj", "{7B715A58-08A0-4652-C3A6-0691989219CA}"
EndProject
Project("{FAE04EC0-301F-11D3-BF4B-00C04F79EFBC}") = "Honamic.PayMaster.UI.Management", "src\ManagementUI\Honamic.PayMaster.UI.Management.csproj", "{087457BE-C190-3A5E-D683-2033AD837D09}"
EndProject
Project("{FAE04EC0-301F-11D3-BF4B-00C04F79EFBC}") = "Honamic.PayMaster.WebApi.Management", "src\WebApi.Management\Honamic.PayMaster.WebApi.Management.csproj", "{47D8B692-10A9-4A60-3D05-AA153DAC80E0}"
EndProject
Project("{FAE04EC0-301F-11D3-BF4B-00C04F79EFBC}") = "Honamic.PayMaster.WebApi", "src\WebApi\Honamic.PayMaster.WebApi.csproj", "{B69CB44B-4FD1-71A1-0BC2-6C5F6AC7C76E}"
EndProject
Global
	GlobalSection(SolutionConfigurationPlatforms) = preSolution
		Debug|Any CPU = Debug|Any CPU
		Release|Any CPU = Release|Any CPU
	EndGlobalSection
	GlobalSection(ProjectConfigurationPlatforms) = postSolution
		{5C2E59C9-BC4D-CA22-B59A-FAC03B23A104}.Debug|Any CPU.ActiveCfg = Debug|Any CPU
		{5C2E59C9-BC4D-CA22-B59A-FAC03B23A104}.Debug|Any CPU.Build.0 = Debug|Any CPU
		{5C2E59C9-BC4D-CA22-B59A-FAC03B23A104}.Release|Any CPU.ActiveCfg = Release|Any CPU
		{5C2E59C9-BC4D-CA22-B59A-FAC03B23A104}.Release|Any CPU.Build.0 = Release|Any CPU
		{DDC00426-337F-2C66-8D0C-E1DCE4FC4A67}.Debug|Any CPU.ActiveCfg = Debug|Any CPU
		{DDC00426-337F-2C66-8D0C-E1DCE4FC4A67}.Debug|Any CPU.Build.0 = Debug|Any CPU
		{DDC00426-337F-2C66-8D0C-E1DCE4FC4A67}.Release|Any CPU.ActiveCfg = Release|Any CPU
		{DDC00426-337F-2C66-8D0C-E1DCE4FC4A67}.Release|Any CPU.Build.0 = Release|Any CPU
		{A1D5B38F-F7D4-EF47-E56D-8CEDEBBB5DAC}.Debug|Any CPU.ActiveCfg = Debug|Any CPU
		{A1D5B38F-F7D4-EF47-E56D-8CEDEBBB5DAC}.Debug|Any CPU.Build.0 = Debug|Any CPU
		{A1D5B38F-F7D4-EF47-E56D-8CEDEBBB5DAC}.Release|Any CPU.ActiveCfg = Release|Any CPU
		{A1D5B38F-F7D4-EF47-E56D-8CEDEBBB5DAC}.Release|Any CPU.Build.0 = Release|Any CPU
		{A0B2FEB6-6410-4D3A-8C8B-9B3719C365E7}.Debug|Any CPU.ActiveCfg = Debug|Any CPU
		{A0B2FEB6-6410-4D3A-8C8B-9B3719C365E7}.Debug|Any CPU.Build.0 = Debug|Any CPU
		{A0B2FEB6-6410-4D3A-8C8B-9B3719C365E7}.Release|Any CPU.ActiveCfg = Release|Any CPU
		{A0B2FEB6-6410-4D3A-8C8B-9B3719C365E7}.Release|Any CPU.Build.0 = Release|Any CPU
		{E0FAA67A-9B80-C336-0AEC-5DAAB0FADF0E}.Debug|Any CPU.ActiveCfg = Debug|Any CPU
		{E0FAA67A-9B80-C336-0AEC-5DAAB0FADF0E}.Debug|Any CPU.Build.0 = Debug|Any CPU
		{E0FAA67A-9B80-C336-0AEC-5DAAB0FADF0E}.Release|Any CPU.ActiveCfg = Release|Any CPU
		{E0FAA67A-9B80-C336-0AEC-5DAAB0FADF0E}.Release|Any CPU.Build.0 = Release|Any CPU
		{9302ED8E-9C65-8D63-3795-F05A95CE8EE6}.Debug|Any CPU.ActiveCfg = Debug|Any CPU
		{9302ED8E-9C65-8D63-3795-F05A95CE8EE6}.Debug|Any CPU.Build.0 = Debug|Any CPU
		{9302ED8E-9C65-8D63-3795-F05A95CE8EE6}.Release|Any CPU.ActiveCfg = Release|Any CPU
		{9302ED8E-9C65-8D63-3795-F05A95CE8EE6}.Release|Any CPU.Build.0 = Release|Any CPU
		{127F286A-BEFF-F3EB-9E51-B001DCCDFB7E}.Debug|Any CPU.ActiveCfg = Debug|Any CPU
		{127F286A-BEFF-F3EB-9E51-B001DCCDFB7E}.Debug|Any CPU.Build.0 = Debug|Any CPU
		{127F286A-BEFF-F3EB-9E51-B001DCCDFB7E}.Release|Any CPU.ActiveCfg = Release|Any CPU
		{127F286A-BEFF-F3EB-9E51-B001DCCDFB7E}.Release|Any CPU.Build.0 = Release|Any CPU
		{B09F08CD-BFA8-89D5-07CD-B346DC163144}.Debug|Any CPU.ActiveCfg = Debug|Any CPU
		{B09F08CD-BFA8-89D5-07CD-B346DC163144}.Debug|Any CPU.Build.0 = Debug|Any CPU
		{B09F08CD-BFA8-89D5-07CD-B346DC163144}.Release|Any CPU.ActiveCfg = Release|Any CPU
		{B09F08CD-BFA8-89D5-07CD-B346DC163144}.Release|Any CPU.Build.0 = Release|Any CPU
		{F849FA03-5A83-099E-C8B2-369636930005}.Debug|Any CPU.ActiveCfg = Debug|Any CPU
		{F849FA03-5A83-099E-C8B2-369636930005}.Debug|Any CPU.Build.0 = Debug|Any CPU
		{F849FA03-5A83-099E-C8B2-369636930005}.Release|Any CPU.ActiveCfg = Release|Any CPU
		{F849FA03-5A83-099E-C8B2-369636930005}.Release|Any CPU.Build.0 = Release|Any CPU
		{0D831FE9-2A06-FD3E-C447-9D481F0A2110}.Debug|Any CPU.ActiveCfg = Debug|Any CPU
		{0D831FE9-2A06-FD3E-C447-9D481F0A2110}.Debug|Any CPU.Build.0 = Debug|Any CPU
		{0D831FE9-2A06-FD3E-C447-9D481F0A2110}.Release|Any CPU.ActiveCfg = Release|Any CPU
		{0D831FE9-2A06-FD3E-C447-9D481F0A2110}.Release|Any CPU.Build.0 = Release|Any CPU
		{E4870600-29B1-8458-6F07-CA650E905F38}.Debug|Any CPU.ActiveCfg = Debug|Any CPU
		{E4870600-29B1-8458-6F07-CA650E905F38}.Debug|Any CPU.Build.0 = Debug|Any CPU
		{E4870600-29B1-8458-6F07-CA650E905F38}.Release|Any CPU.ActiveCfg = Release|Any CPU
		{E4870600-29B1-8458-6F07-CA650E905F38}.Release|Any CPU.Build.0 = Release|Any CPU
		{7F924602-5434-E4B7-602E-B3806129F1E2}.Debug|Any CPU.ActiveCfg = Debug|Any CPU
		{7F924602-5434-E4B7-602E-B3806129F1E2}.Debug|Any CPU.Build.0 = Debug|Any CPU
		{7F924602-5434-E4B7-602E-B3806129F1E2}.Release|Any CPU.ActiveCfg = Release|Any CPU
		{7F924602-5434-E4B7-602E-B3806129F1E2}.Release|Any CPU.Build.0 = Release|Any CPU
		{804ACBDA-D337-156F-EC5E-316F91B4A9D9}.Debug|Any CPU.ActiveCfg = Debug|Any CPU
		{804ACBDA-D337-156F-EC5E-316F91B4A9D9}.Debug|Any CPU.Build.0 = Debug|Any CPU
		{804ACBDA-D337-156F-EC5E-316F91B4A9D9}.Release|Any CPU.ActiveCfg = Release|Any CPU
		{804ACBDA-D337-156F-EC5E-316F91B4A9D9}.Release|Any CPU.Build.0 = Release|Any CPU
		{DB5A6E60-631F-424E-84AD-802AD8639B3F}.Debug|Any CPU.ActiveCfg = Debug|Any CPU
		{DB5A6E60-631F-424E-84AD-802AD8639B3F}.Debug|Any CPU.Build.0 = Debug|Any CPU
		{DB5A6E60-631F-424E-84AD-802AD8639B3F}.Release|Any CPU.ActiveCfg = Release|Any CPU
		{DB5A6E60-631F-424E-84AD-802AD8639B3F}.Release|Any CPU.Build.0 = Release|Any CPU
		{66771596-473F-122B-DCD2-5EB7B224E819}.Debug|Any CPU.ActiveCfg = Debug|Any CPU
		{66771596-473F-122B-DCD2-5EB7B224E819}.Debug|Any CPU.Build.0 = Debug|Any CPU
		{66771596-473F-122B-DCD2-5EB7B224E819}.Release|Any CPU.ActiveCfg = Release|Any CPU
		{66771596-473F-122B-DCD2-5EB7B224E819}.Release|Any CPU.Build.0 = Release|Any CPU
		{CB9CFAAC-606C-1D46-959C-E0B54C4644E1}.Debug|Any CPU.ActiveCfg = Debug|Any CPU
		{CB9CFAAC-606C-1D46-959C-E0B54C4644E1}.Debug|Any CPU.Build.0 = Debug|Any CPU
		{CB9CFAAC-606C-1D46-959C-E0B54C4644E1}.Release|Any CPU.ActiveCfg = Release|Any CPU
		{CB9CFAAC-606C-1D46-959C-E0B54C4644E1}.Release|Any CPU.Build.0 = Release|Any CPU
		{CDAEC401-7951-D6BD-2207-833B7D1F96B0}.Debug|Any CPU.ActiveCfg = Debug|Any CPU
		{CDAEC401-7951-D6BD-2207-833B7D1F96B0}.Debug|Any CPU.Build.0 = Debug|Any CPU
		{CDAEC401-7951-D6BD-2207-833B7D1F96B0}.Release|Any CPU.ActiveCfg = Release|Any CPU
		{CDAEC401-7951-D6BD-2207-833B7D1F96B0}.Release|Any CPU.Build.0 = Release|Any CPU
		{2B90375A-FEF1-408F-D986-A105EF64935F}.Debug|Any CPU.ActiveCfg = Debug|Any CPU
		{2B90375A-FEF1-408F-D986-A105EF64935F}.Debug|Any CPU.Build.0 = Debug|Any CPU
		{2B90375A-FEF1-408F-D986-A105EF64935F}.Release|Any CPU.ActiveCfg = Release|Any CPU
		{2B90375A-FEF1-408F-D986-A105EF64935F}.Release|Any CPU.Build.0 = Release|Any CPU
		{EB114B30-3731-087C-3F6D-75EBFCE653B9}.Debug|Any CPU.ActiveCfg = Debug|Any CPU
		{EB114B30-3731-087C-3F6D-75EBFCE653B9}.Debug|Any CPU.Build.0 = Debug|Any CPU
		{EB114B30-3731-087C-3F6D-75EBFCE653B9}.Release|Any CPU.ActiveCfg = Release|Any CPU
		{EB114B30-3731-087C-3F6D-75EBFCE653B9}.Release|Any CPU.Build.0 = Release|Any CPU
		{E4415AA0-546F-371A-060B-C567307177E3}.Debug|Any CPU.ActiveCfg = Debug|Any CPU
		{E4415AA0-546F-371A-060B-C567307177E3}.Debug|Any CPU.Build.0 = Debug|Any CPU
		{E4415AA0-546F-371A-060B-C567307177E3}.Release|Any CPU.ActiveCfg = Release|Any CPU
		{E4415AA0-546F-371A-060B-C567307177E3}.Release|Any CPU.Build.0 = Release|Any CPU
		{7B715A58-08A0-4652-C3A6-0691989219CA}.Debug|Any CPU.ActiveCfg = Debug|Any CPU
		{7B715A58-08A0-4652-C3A6-0691989219CA}.Debug|Any CPU.Build.0 = Debug|Any CPU
		{7B715A58-08A0-4652-C3A6-0691989219CA}.Release|Any CPU.ActiveCfg = Release|Any CPU
		{7B715A58-08A0-4652-C3A6-0691989219CA}.Release|Any CPU.Build.0 = Release|Any CPU
		{087457BE-C190-3A5E-D683-2033AD837D09}.Debug|Any CPU.ActiveCfg = Debug|Any CPU
		{087457BE-C190-3A5E-D683-2033AD837D09}.Debug|Any CPU.Build.0 = Debug|Any CPU
		{087457BE-C190-3A5E-D683-2033AD837D09}.Release|Any CPU.ActiveCfg = Release|Any CPU
		{087457BE-C190-3A5E-D683-2033AD837D09}.Release|Any CPU.Build.0 = Release|Any CPU
		{47D8B692-10A9-4A60-3D05-AA153DAC80E0}.Debug|Any CPU.ActiveCfg = Debug|Any CPU
		{47D8B692-10A9-4A60-3D05-AA153DAC80E0}.Debug|Any CPU.Build.0 = Debug|Any CPU
		{47D8B692-10A9-4A60-3D05-AA153DAC80E0}.Release|Any CPU.ActiveCfg = Release|Any CPU
		{47D8B692-10A9-4A60-3D05-AA153DAC80E0}.Release|Any CPU.Build.0 = Release|Any CPU
		{B69CB44B-4FD1-71A1-0BC2-6C5F6AC7C76E}.Debug|Any CPU.ActiveCfg = Debug|Any CPU
		{B69CB44B-4FD1-71A1-0BC2-6C5F6AC7C76E}.Debug|Any CPU.Build.0 = Debug|Any CPU
		{B69CB44B-4FD1-71A1-0BC2-6C5F6AC7C76E}.Release|Any CPU.ActiveCfg = Release|Any CPU
		{B69CB44B-4FD1-71A1-0BC2-6C5F6AC7C76E}.Release|Any CPU.Build.0 = Release|Any CPU
	EndGlobalSection
	GlobalSection(SolutionProperties) = preSolution
		HideSolutionNode = FALSE
	EndGlobalSection
	GlobalSection(NestedProjects) = preSolution
		{8B7ABDA0-3EA4-41E8-9249-1273E49A2956} = {27989A77-8151-49A2-A81D-990655154889}
		{5C2E59C9-BC4D-CA22-B59A-FAC03B23A104} = {27989A77-8151-49A2-A81D-990655154889}
		{DDC00426-337F-2C66-8D0C-E1DCE4FC4A67} = {8B7ABDA0-3EA4-41E8-9249-1273E49A2956}
		{A1D5B38F-F7D4-EF47-E56D-8CEDEBBB5DAC} = {8B7ABDA0-3EA4-41E8-9249-1273E49A2956}
		{A0B2FEB6-6410-4D3A-8C8B-9B3719C365E7} = {1B666BD8-243E-434B-A185-BBBD67FEDAA4}
		{E0FAA67A-9B80-C336-0AEC-5DAAB0FADF0E} = {8B7ABDA0-3EA4-41E8-9249-1273E49A2956}
		{9302ED8E-9C65-8D63-3795-F05A95CE8EE6} = {8B7ABDA0-3EA4-41E8-9249-1273E49A2956}
		{127F286A-BEFF-F3EB-9E51-B001DCCDFB7E} = {8B7ABDA0-3EA4-41E8-9249-1273E49A2956}
		{B09F08CD-BFA8-89D5-07CD-B346DC163144} = {27989A77-8151-49A2-A81D-990655154889}
		{F849FA03-5A83-099E-C8B2-369636930005} = {8B7ABDA0-3EA4-41E8-9249-1273E49A2956}
		{0D831FE9-2A06-FD3E-C447-9D481F0A2110} = {02EA681E-C7D8-13C7-8484-4AC65E1B71E8}
		{E4870600-29B1-8458-6F07-CA650E905F38} = {02EA681E-C7D8-13C7-8484-4AC65E1B71E8}
		{7F924602-5434-E4B7-602E-B3806129F1E2} = {8B7ABDA0-3EA4-41E8-9249-1273E49A2956}
		{804ACBDA-D337-156F-EC5E-316F91B4A9D9} = {8B7ABDA0-3EA4-41E8-9249-1273E49A2956}
		{F4791618-3A51-470A-BAF0-A56A510CF5DB} = {02EA681E-C7D8-13C7-8484-4AC65E1B71E8}
		{DB5A6E60-631F-424E-84AD-802AD8639B3F} = {F4791618-3A51-470A-BAF0-A56A510CF5DB}
		{66771596-473F-122B-DCD2-5EB7B224E819} = {F4791618-3A51-470A-BAF0-A56A510CF5DB}
		{CB9CFAAC-606C-1D46-959C-E0B54C4644E1} = {27989A77-8151-49A2-A81D-990655154889}
		{CDAEC401-7951-D6BD-2207-833B7D1F96B0} = {27989A77-8151-49A2-A81D-990655154889}
		{2B90375A-FEF1-408F-D986-A105EF64935F} = {27989A77-8151-49A2-A81D-990655154889}
		{EB114B30-3731-087C-3F6D-75EBFCE653B9} = {27989A77-8151-49A2-A81D-990655154889}
		{E4415AA0-546F-371A-060B-C567307177E3} = {27989A77-8151-49A2-A81D-990655154889}
		{7B715A58-08A0-4652-C3A6-0691989219CA} = {27989A77-8151-49A2-A81D-990655154889}
		{087457BE-C190-3A5E-D683-2033AD837D09} = {27989A77-8151-49A2-A81D-990655154889}
		{47D8B692-10A9-4A60-3D05-AA153DAC80E0} = {27989A77-8151-49A2-A81D-990655154889}
		{B69CB44B-4FD1-71A1-0BC2-6C5F6AC7C76E} = {27989A77-8151-49A2-A81D-990655154889}
	EndGlobalSection
	GlobalSection(ExtensibilityGlobals) = postSolution
		SolutionGuid = {E2395F65-A679-4732-A522-0C7D24F44238}
	EndGlobalSection
EndGlobal
