
Microsoft Visual Studio Solution File, Format Version 12.00
# Visual Studio Version 17
VisualStudioVersion = 17.9.34714.143
MinimumVisualStudioVersion = 10.0.40219.1
Project("{2150E333-8FDC-42A3-9474-1A3956D46DE8}") = "PaymentProviders", "PaymentProviders", "{8B7ABDA0-3EA4-41E8-9249-1273E49A2956}"
EndProject
Project("{2150E333-8FDC-42A3-9474-1A3956D46DE8}") = "Sample", "Sample", "{1B666BD8-243E-434B-A185-BBBD67FEDAA4}"
EndProject
Project("{FAE04EC0-301F-11D3-BF4B-00C04F79EFBC}") = "Honamic.PayMaster.Abstractions", "Abstractions\Honamic.PayMaster.Abstractions.csproj", "{5C2E59C9-BC4D-CA22-B59A-FAC03B23A104}"
EndProject
Project("{FAE04EC0-301F-11D3-BF4B-00C04F79EFBC}") = "Honamic.PayMaster", "PayMaster\Honamic.PayMaster.csproj", "{8D73B187-C1C1-C204-3FAA-8C70715D3E26}"
EndProject
Project("{FAE04EC0-301F-11D3-BF4B-00C04F79EFBC}") = "Behpardakht", "PaymentProvider\Behpardakht\Behpardakht.csproj", "{DDC00426-337F-2C66-8D0C-E1DCE4FC4A67}"
EndProject
Project("{FAE04EC0-301F-11D3-BF4B-00C04F79EFBC}") = "Sadad", "PaymentProvider\Sadad\Sadad.csproj", "{A1D5B38F-F7D4-EF47-E56D-8CEDEBBB5DAC}"
EndProject
Project("{FAE04EC0-301F-11D3-BF4B-00C04F79EFBC}") = "Sep", "PaymentProvider\Sep\Sep.csproj", "{F71DA421-514B-92C2-CE1D-B25DD4E22677}"
EndProject
Project("{2150E333-8FDC-42A3-9474-1A3956D46DE8}") = "PSP", "PSP", "{02EA681E-C7D8-13C7-8484-4AC65E1B71E8}"
EndProject
Project("{2150E333-8FDC-42A3-9474-1A3956D46DE8}") = "Gateway", "Gateway", "{723FE1EB-715F-4EE6-B036-82045969DA6E}"
EndProject
Project("{FAE04EC0-301F-11D3-BF4B-00C04F79EFBC}") = "WebSample", "WebSample\WebSample.csproj", "{A0B2FEB6-6410-4D3A-8C8B-9B3719C365E7}"
EndProject
Project("{FAE04EC0-301F-11D3-BF4B-00C04F79EFBC}") = "ZarinPal", "PaymentProvider\ZarinPal\ZarinPal.csproj", "{E0FAA67A-9B80-C336-0AEC-5DAAB0FADF0E}"
EndProject
Project("{2150E333-8FDC-42A3-9474-1A3956D46DE8}") = "Tests", "Tests", "{790B6691-BC3A-42A7-A333-CFEFCDC03E1E}"
EndProject
Project("{FAE04EC0-301F-11D3-BF4B-00C04F79EFBC}") = "Honamic.PayMaster.Abstractions.UnitTest", "Tests\Honamic.PayMaster.Abstractions.UnitTest\Honamic.PayMaster.Abstractions.UnitTest.csproj", "{447085D2-2A99-46E7-A33F-7DF254DB721E}"
EndProject
Global
	GlobalSection(SolutionConfigurationPlatforms) = preSolution
		Debug|Any CPU = Debug|Any CPU
		Release|Any CPU = Release|Any CPU
	EndGlobalSection
	GlobalSection(ProjectConfigurationPlatforms) = postSolution
		{5C2E59C9-BC4D-CA22-B59A-FAC03B23A104}.Debug|Any CPU.ActiveCfg = Debug|Any CPU
		{5C2E59C9-BC4D-CA22-B59A-FAC03B23A104}.Debug|Any CPU.Build.0 = Debug|Any CPU
		{5C2E59C9-BC4D-CA22-B59A-FAC03B23A104}.Release|Any CPU.ActiveCfg = Release|Any CPU
		{5C2E59C9-BC4D-CA22-B59A-FAC03B23A104}.Release|Any CPU.Build.0 = Release|Any CPU
		{8D73B187-C1C1-C204-3FAA-8C70715D3E26}.Debug|Any CPU.ActiveCfg = Debug|Any CPU
		{8D73B187-C1C1-C204-3FAA-8C70715D3E26}.Debug|Any CPU.Build.0 = Debug|Any CPU
		{8D73B187-C1C1-C204-3FAA-8C70715D3E26}.Release|Any CPU.ActiveCfg = Release|Any CPU
		{8D73B187-C1C1-C204-3FAA-8C70715D3E26}.Release|Any CPU.Build.0 = Release|Any CPU
		{DDC00426-337F-2C66-8D0C-E1DCE4FC4A67}.Debug|Any CPU.ActiveCfg = Debug|Any CPU
		{DDC00426-337F-2C66-8D0C-E1DCE4FC4A67}.Debug|Any CPU.Build.0 = Debug|Any CPU
		{DDC00426-337F-2C66-8D0C-E1DCE4FC4A67}.Release|Any CPU.ActiveCfg = Release|Any CPU
		{DDC00426-337F-2C66-8D0C-E1DCE4FC4A67}.Release|Any CPU.Build.0 = Release|Any CPU
		{A1D5B38F-F7D4-EF47-E56D-8CEDEBBB5DAC}.Debug|Any CPU.ActiveCfg = Debug|Any CPU
		{A1D5B38F-F7D4-EF47-E56D-8CEDEBBB5DAC}.Debug|Any CPU.Build.0 = Debug|Any CPU
		{A1D5B38F-F7D4-EF47-E56D-8CEDEBBB5DAC}.Release|Any CPU.ActiveCfg = Release|Any CPU
		{A1D5B38F-F7D4-EF47-E56D-8CEDEBBB5DAC}.Release|Any CPU.Build.0 = Release|Any CPU
		{F71DA421-514B-92C2-CE1D-B25DD4E22677}.Debug|Any CPU.ActiveCfg = Debug|Any CPU
		{F71DA421-514B-92C2-CE1D-B25DD4E22677}.Debug|Any CPU.Build.0 = Debug|Any CPU
		{F71DA421-514B-92C2-CE1D-B25DD4E22677}.Release|Any CPU.ActiveCfg = Release|Any CPU
		{F71DA421-514B-92C2-CE1D-B25DD4E22677}.Release|Any CPU.Build.0 = Release|Any CPU
		{A0B2FEB6-6410-4D3A-8C8B-9B3719C365E7}.Debug|Any CPU.ActiveCfg = Debug|Any CPU
		{A0B2FEB6-6410-4D3A-8C8B-9B3719C365E7}.Debug|Any CPU.Build.0 = Debug|Any CPU
		{A0B2FEB6-6410-4D3A-8C8B-9B3719C365E7}.Release|Any CPU.ActiveCfg = Release|Any CPU
		{A0B2FEB6-6410-4D3A-8C8B-9B3719C365E7}.Release|Any CPU.Build.0 = Release|Any CPU
		{E0FAA67A-9B80-C336-0AEC-5DAAB0FADF0E}.Debug|Any CPU.ActiveCfg = Debug|Any CPU
		{E0FAA67A-9B80-C336-0AEC-5DAAB0FADF0E}.Debug|Any CPU.Build.0 = Debug|Any CPU
		{E0FAA67A-9B80-C336-0AEC-5DAAB0FADF0E}.Release|Any CPU.ActiveCfg = Release|Any CPU
		{E0FAA67A-9B80-C336-0AEC-5DAAB0FADF0E}.Release|Any CPU.Build.0 = Release|Any CPU
		{447085D2-2A99-46E7-A33F-7DF254DB721E}.Debug|Any CPU.ActiveCfg = Debug|Any CPU
		{447085D2-2A99-46E7-A33F-7DF254DB721E}.Debug|Any CPU.Build.0 = Debug|Any CPU
		{447085D2-2A99-46E7-A33F-7DF254DB721E}.Release|Any CPU.ActiveCfg = Release|Any CPU
		{447085D2-2A99-46E7-A33F-7DF254DB721E}.Release|Any CPU.Build.0 = Release|Any CPU
	EndGlobalSection
	GlobalSection(SolutionProperties) = preSolution
		HideSolutionNode = FALSE
	EndGlobalSection
	GlobalSection(NestedProjects) = preSolution
		{DDC00426-337F-2C66-8D0C-E1DCE4FC4A67} = {02EA681E-C7D8-13C7-8484-4AC65E1B71E8}
		{A1D5B38F-F7D4-EF47-E56D-8CEDEBBB5DAC} = {02EA681E-C7D8-13C7-8484-4AC65E1B71E8}
		{F71DA421-514B-92C2-CE1D-B25DD4E22677} = {02EA681E-C7D8-13C7-8484-4AC65E1B71E8}
		{02EA681E-C7D8-13C7-8484-4AC65E1B71E8} = {8B7ABDA0-3EA4-41E8-9249-1273E49A2956}
		{723FE1EB-715F-4EE6-B036-82045969DA6E} = {8B7ABDA0-3EA4-41E8-9249-1273E49A2956}
		{A0B2FEB6-6410-4D3A-8C8B-9B3719C365E7} = {1B666BD8-243E-434B-A185-BBBD67FEDAA4}
		{E0FAA67A-9B80-C336-0AEC-5DAAB0FADF0E} = {723FE1EB-715F-4EE6-B036-82045969DA6E}
		{447085D2-2A99-46E7-A33F-7DF254DB721E} = {790B6691-BC3A-42A7-A333-CFEFCDC03E1E}
	EndGlobalSection
	GlobalSection(ExtensibilityGlobals) = postSolution
		SolutionGuid = {E2395F65-A679-4732-A522-0C7D24F44238}
	EndGlobalSection
EndGlobal
